
Microsoft Visual Studio Solution File, Format Version 12.00
# Visual Studio Version 17
VisualStudioVersion = 17.6.33723.286
MinimumVisualStudioVersion = 10.0.40219.1
Project("{8BC9CEB8-8B4A-11D0-8D11-00A0C91BC942}") = "cshack", "cshack\cshack.vcxproj", "{8B418E4E-DA4D-42BE-8772-4E025F941CC1}"
EndProject
Global
	GlobalSection(SolutionConfigurationPlatforms) = preSolution
		Debug|x64 = Debug|x64
		Debug|x86 = Debug|x86
		Release|x64 = Release|x64
		Release|x86 = Release|x86
	EndGlobalSection
	GlobalSection(ProjectConfigurationPlatforms) = postSolution
		{8B418E4E-DA4D-42BE-8772-4E025F941CC1}.Debug|x64.ActiveCfg = Debug|x64
		{8B418E4E-DA4D-42BE-8772-4E025F941CC1}.Debug|x64.Build.0 = Debug|x64
		{8B418E4E-DA4D-42BE-8772-4E025F941CC1}.Debug|x86.ActiveCfg = Debug|Win32
		{8B418E4E-DA4D-42BE-8772-4E025F941CC1}.Debug|x86.Build.0 = Debug|Win32
		{8B418E4E-DA4D-42BE-8772-4E025F941CC1}.Release|x64.ActiveCfg = Release|x64
		{8B418E4E-DA4D-42BE-8772-4E025F941CC1}.Release|x64.Build.0 = Release|x64
		{8B418E4E-DA4D-42BE-8772-4E025F941CC1}.Release|x86.ActiveCfg = Release|Win32
		{8B418E4E-DA4D-42BE-8772-4E025F941CC1}.Release|x86.Build.0 = Release|Win32
	EndGlobalSection
	GlobalSection(SolutionProperties) = preSolution
		HideSolutionNode = FALSE
	EndGlobalSection
	GlobalSection(ExtensibilityGlobals) = postSolution
		SolutionGuid = {AA033091-24C3-45BC-B0A5-B6D1B69586CA}
	EndGlobalSection
EndGlobal
